// !$*UTF8*$!
{
	archiveVersion = 1;
	classes = {
	};
	objectVersion = 77;
	objects = {

/* Begin PBXBuildFile section */
		E576C6D32DF8052C00C28A74 /* README.md in Resources */ = {isa = PBXBuildFile; fileRef = E576C6D22DF8052500C28A74 /* README.md */; };
/* End PBXBuildFile section */

/* Begin PBXContainerItemProxy section */
		E576C6B22DF7FD0300C28A74 /* PBXContainerItemProxy */ = {
			isa = PBXContainerItemProxy;
			containerPortal = E576C69C2DF7FD0100C28A74 /* Project object */;
			proxyType = 1;
			remoteGlobalIDString = E576C6A32DF7FD0100C28A74;
			remoteInfo = away_from_nightmare;
		};
		E576C6BC2DF7FD0300C28A74 /* PBXContainerItemProxy */ = {
			isa = PBXContainerItemProxy;
			containerPortal = E576C69C2DF7FD0100C28A74 /* Project object */;
			proxyType = 1;
			remoteGlobalIDString = E576C6A32DF7FD0100C28A74;
			remoteInfo = away_from_nightmare;
		};
/* End PBXContainerItemProxy section */

/* Begin PBXFileReference section */
		E576C6A42DF7FD0200C28A74 /* away_from_nightmare.app */ = {isa = PBXFileReference; explicitFileType = wrapper.application; includeInIndex = 0; path = away_from_nightmare.app; sourceTree = BUILT_PRODUCTS_DIR; };
		E576C6B12DF7FD0300C28A74 /* away_from_nightmareTests.xctest */ = {isa = PBXFileReference; explicitFileType = wrapper.cfbundle; includeInIndex = 0; path = away_from_nightmareTests.xctest; sourceTree = BUILT_PRODUCTS_DIR; };
		E576C6BB2DF7FD0300C28A74 /* away_from_nightmareUITests.xctest */ = {isa = PBXFileReference; explicitFileType = wrapper.cfbundle; includeInIndex = 0; path = away_from_nightmareUITests.xctest; sourceTree = BUILT_PRODUCTS_DIR; };
		E576C6D22DF8052500C28A74 /* README.md */ = {isa = PBXFileReference; lastKnownFileType = net.daringfireball.markdown; path = README.md; sourceTree = "<group>"; };
/* End PBXFileReference section */

/* Begin PBXFileSystemSynchronizedRootGroup section */
		E576C6A62DF7FD0200C28A74 /* away_from_nightmare */ = {
			isa = PBXFileSystemSynchronizedRootGroup;
			path = away_from_nightmare;
			sourceTree = "<group>";
		};
		E576C6B42DF7FD0300C28A74 /* away_from_nightmareTests */ = {
			isa = PBXFileSystemSynchronizedRootGroup;
			path = away_from_nightmareTests;
			sourceTree = "<group>";
		};
		E576C6BE2DF7FD0300C28A74 /* away_from_nightmareUITests */ = {
			isa = PBXFileSystemSynchronizedRootGroup;
			path = away_from_nightmareUITests;
			sourceTree = "<group>";
		};
/* End PBXFileSystemSynchronizedRootGroup section */

/* Begin PBXFrameworksBuildPhase section */
		E576C6A12DF7FD0100C28A74 /* Frameworks */ = {
			isa = PBXFrameworksBuildPhase;
			buildActionMask = 2147483647;
			files = (
			);
			runOnlyForDeploymentPostprocessing = 0;
		};
		E576C6AE2DF7FD0300C28A74 /* Frameworks */ = {
			isa = PBXFrameworksBuildPhase;
			buildActionMask = 2147483647;
			files = (
			);
			runOnlyForDeploymentPostprocessing = 0;
		};
		E576C6B82DF7FD0300C28A74 /* Frameworks */ = {
			isa = PBXFrameworksBuildPhase;
			buildActionMask = 2147483647;
			files = (
			);
			runOnlyForDeploymentPostprocessing = 0;
		};
/* End PBXFrameworksBuildPhase section */

/* Begin PBXGroup section */
		E576C69B2DF7FD0100C28A74 = {
			isa = PBXGroup;
			children = (
				E576C6A62DF7FD0200C28A74 /* away_from_nightmare */,
				E576C6B42DF7FD0300C28A74 /* away_from_nightmareTests */,
				E576C6BE2DF7FD0300C28A74 /* away_from_nightmareUITests */,
				E576C6A52DF7FD0200C28A74 /* Products */,
				E576C6D22DF8052500C28A74 /* README.md */,
			);
			sourceTree = "<group>";
		};
		E576C6A52DF7FD0200C28A74 /* Products */ = {
			isa = PBXGroup;
			children = (
				E576C6A42DF7FD0200C28A74 /* away_from_nightmare.app */,
				E576C6B12DF7FD0300C28A74 /* away_from_nightmareTests.xctest */,
				E576C6BB2DF7FD0300C28A74 /* away_from_nightmareUITests.xctest */,
			);
			name = Products;
			sourceTree = "<group>";
		};
/* End PBXGroup section */

/* Begin PBXNativeTarget section */
		E576C6A32DF7FD0100C28A74 /* away_from_nightmare */ = {
			isa = PBXNativeTarget;
			buildConfigurationList = E576C6C52DF7FD0300C28A74 /* Build configuration list for PBXNativeTarget "away_from_nightmare" */;
			buildPhases = (
				E576C6A02DF7FD0100C28A74 /* Sources */,
				E576C6A12DF7FD0100C28A74 /* Frameworks */,
				E576C6A22DF7FD0100C28A74 /* Resources */,
			);
			buildRules = (
			);
			dependencies = (
			);
			fileSystemSynchronizedGroups = (
				E576C6A62DF7FD0200C28A74 /* away_from_nightmare */,
			);
			name = away_from_nightmare;
			packageProductDependencies = (
			);
			productName = away_from_nightmare;
			productReference = E576C6A42DF7FD0200C28A74 /* away_from_nightmare.app */;
			productType = "com.apple.product-type.application";
		};
		E576C6B02DF7FD0300C28A74 /* away_from_nightmareTests */ = {
			isa = PBXNativeTarget;
			buildConfigurationList = E576C6C82DF7FD0300C28A74 /* Build configuration list for PBXNativeTarget "away_from_nightmareTests" */;
			buildPhases = (
				E576C6AD2DF7FD0300C28A74 /* Sources */,
				E576C6AE2DF7FD0300C28A74 /* Frameworks */,
				E576C6AF2DF7FD0300C28A74 /* Resources */,
			);
			buildRules = (
			);
			dependencies = (
				E576C6B32DF7FD0300C28A74 /* PBXTargetDependency */,
			);
			fileSystemSynchronizedGroups = (
				E576C6B42DF7FD0300C28A74 /* away_from_nightmareTests */,
			);
			name = away_from_nightmareTests;
			packageProductDependencies = (
			);
			productName = away_from_nightmareTests;
			productReference = E576C6B12DF7FD0300C28A74 /* away_from_nightmareTests.xctest */;
			productType = "com.apple.product-type.bundle.unit-test";
		};
		E576C6BA2DF7FD0300C28A74 /* away_from_nightmareUITests */ = {
			isa = PBXNativeTarget;
			buildConfigurationList = E576C6CB2DF7FD0300C28A74 /* Build configuration list for PBXNativeTarget "away_from_nightmareUITests" */;
			buildPhases = (
				E576C6B72DF7FD0300C28A74 /* Sources */,
				E576C6B82DF7FD0300C28A74 /* Frameworks */,
				E576C6B92DF7FD0300C28A74 /* Resources */,
			);
			buildRules = (
			);
			dependencies = (
				E576C6BD2DF7FD0300C28A74 /* PBXTargetDependency */,
			);
			fileSystemSynchronizedGroups = (
				E576C6BE2DF7FD0300C28A74 /* away_from_nightmareUITests */,
			);
			name = away_from_nightmareUITests;
			packageProductDependencies = (
			);
			productName = away_from_nightmareUITests;
			productReference = E576C6BB2DF7FD0300C28A74 /* away_from_nightmareUITests.xctest */;
			productType = "com.apple.product-type.bundle.ui-testing";
		};
/* End PBXNativeTarget section */

/* Begin PBXProject section */
		E576C69C2DF7FD0100C28A74 /* Project object */ = {
			isa = PBXProject;
			attributes = {
				BuildIndependentTargetsInParallel = 1;
				LastSwiftUpdateCheck = 1640;
				LastUpgradeCheck = 1640;
				TargetAttributes = {
					E576C6A32DF7FD0100C28A74 = {
						CreatedOnToolsVersion = 16.4;
					};
					E576C6B02DF7FD0300C28A74 = {
						CreatedOnToolsVersion = 16.4;
						TestTargetID = E576C6A32DF7FD0100C28A74;
					};
					E576C6BA2DF7FD0300C28A74 = {
						CreatedOnToolsVersion = 16.4;
						TestTargetID = E576C6A32DF7FD0100C28A74;
					};
				};
			};
			buildConfigurationList = E576C69F2DF7FD0100C28A74 /* Build configuration list for PBXProject "away_from_nightmare" */;
			developmentRegion = en;
			hasScannedForEncodings = 0;
			knownRegions = (
				en,
				Base,
			);
			mainGroup = E576C69B2DF7FD0100C28A74;
			minimizedProjectReferenceProxies = 1;
			preferredProjectObjectVersion = 77;
			productRefGroup = E576C6A52DF7FD0200C28A74 /* Products */;
			projectDirPath = "";
			projectRoot = "";
			targets = (
				E576C6A32DF7FD0100C28A74 /* away_from_nightmare */,
				E576C6B02DF7FD0300C28A74 /* away_from_nightmareTests */,
				E576C6BA2DF7FD0300C28A74 /* away_from_nightmareUITests */,
			);
		};
/* End PBXProject section */

/* Begin PBXResourcesBuildPhase section */
		E576C6A22DF7FD0100C28A74 /* Resources */ = {
			isa = PBXResourcesBuildPhase;
			buildActionMask = 2147483647;
			files = (
				E576C6D32DF8052C00C28A74 /* README.md in Resources */,
			);
			runOnlyForDeploymentPostprocessing = 0;
		};
		E576C6AF2DF7FD0300C28A74 /* Resources */ = {
			isa = PBXResourcesBuildPhase;
			buildActionMask = 2147483647;
			files = (
			);
			runOnlyForDeploymentPostprocessing = 0;
		};
		E576C6B92DF7FD0300C28A74 /* Resources */ = {
			isa = PBXResourcesBuildPhase;
			buildActionMask = 2147483647;
			files = (
			);
			runOnlyForDeploymentPostprocessing = 0;
		};
/* End PBXResourcesBuildPhase section */

/* Begin PBXSourcesBuildPhase section */
		E576C6A02DF7FD0100C28A74 /* Sources */ = {
			isa = PBXSourcesBuildPhase;
			buildActionMask = 2147483647;
			files = (
			);
			runOnlyForDeploymentPostprocessing = 0;
		};
		E576C6AD2DF7FD0300C28A74 /* Sources */ = {
			isa = PBXSourcesBuildPhase;
			buildActionMask = 2147483647;
			files = (
			);
			runOnlyForDeploymentPostprocessing = 0;
		};
		E576C6B72DF7FD0300C28A74 /* Sources */ = {
			isa = PBXSourcesBuildPhase;
			buildActionMask = 2147483647;
			files = (
			);
			runOnlyForDeploymentPostprocessing = 0;
		};
/* End PBXSourcesBuildPhase section */

/* Begin PBXTargetDependency section */
		E576C6B32DF7FD0300C28A74 /* PBXTargetDependency */ = {
			isa = PBXTargetDependency;
			target = E576C6A32DF7FD0100C28A74 /* away_from_nightmare */;
			targetProxy = E576C6B22DF7FD0300C28A74 /* PBXContainerItemProxy */;
		};
		E576C6BD2DF7FD0300C28A74 /* PBXTargetDependency */ = {
			isa = PBXTargetDependency;
			target = E576C6A32DF7FD0100C28A74 /* away_from_nightmare */;
			targetProxy = E576C6BC2DF7FD0300C28A74 /* PBXContainerItemProxy */;
		};
/* End PBXTargetDependency section */

/* Begin XCBuildConfiguration section */
		E576C6C32DF7FD0300C28A74 /* Debug */ = {
			isa = XCBuildConfiguration;
			buildSettings = {
				ALWAYS_SEARCH_USER_PATHS = NO;
				ASSETCATALOG_COMPILER_GENERATE_SWIFT_ASSET_SYMBOL_EXTENSIONS = YES;
				CLANG_ANALYZER_NONNULL = YES;
				CLANG_ANALYZER_NUMBER_OBJECT_CONVERSION = YES_AGGRESSIVE;
				CLANG_CXX_LANGUAGE_STANDARD = "gnu++20";
				CLANG_ENABLE_MODULES = YES;
				CLANG_ENABLE_OBJC_ARC = YES;
				CLANG_ENABLE_OBJC_WEAK = YES;
				CLANG_WARN_BLOCK_CAPTURE_AUTORELEASING = YES;
				CLANG_WARN_BOOL_CONVERSION = YES;
				CLANG_WARN_COMMA = YES;
				CLANG_WARN_CONSTANT_CONVERSION = YES;
				CLANG_WARN_DEPRECATED_OBJC_IMPLEMENTATIONS = YES;
				CLANG_WARN_DIRECT_OBJC_ISA_USAGE = YES_ERROR;
				CLANG_WARN_DOCUMENTATION_COMMENTS = YES;
				CLANG_WARN_EMPTY_BODY = YES;
				CLANG_WARN_ENUM_CONVERSION = YES;
				CLANG_WARN_INFINITE_RECURSION = YES;
				CLANG_WARN_INT_CONVERSION = YES;
				CLANG_WARN_NON_LITERAL_NULL_CONVERSION = YES;
				CLANG_WARN_OBJC_IMPLICIT_RETAIN_SELF = YES;
				CLANG_WARN_OBJC_LITERAL_CONVERSION = YES;
				CLANG_WARN_OBJC_ROOT_CLASS = YES_ERROR;
				CLANG_WARN_QUOTED_INCLUDE_IN_FRAMEWORK_HEADER = YES;
				CLANG_WARN_RANGE_LOOP_ANALYSIS = YES;
				CLANG_WARN_STRICT_PROTOTYPES = YES;
				CLANG_WARN_SUSPICIOUS_MOVE = YES;
				CLANG_WARN_UNGUARDED_AVAILABILITY = YES_AGGRESSIVE;
				CLANG_WARN_UNREACHABLE_CODE = YES;
				CLANG_WARN__DUPLICATE_METHOD_MATCH = YES;
				COPY_PHASE_STRIP = NO;
				DEBUG_INFORMATION_FORMAT = dwarf;
				ENABLE_STRICT_OBJC_MSGSEND = YES;
				ENABLE_TESTABILITY = YES;
				ENABLE_USER_SCRIPT_SANDBOXING = YES;
				GCC_C_LANGUAGE_STANDARD = gnu17;
				GCC_DYNAMIC_NO_PIC = NO;
				GCC_NO_COMMON_BLOCKS = YES;
				GCC_OPTIMIZATION_LEVEL = 0;
				GCC_PREPROCESSOR_DEFINITIONS = (
					"DEBUG=1",
					"$(inherited)",
				);
				GCC_WARN_64_TO_32_BIT_CONVERSION = YES;
				GCC_WARN_ABOUT_RETURN_TYPE = YES_ERROR;
				GCC_WARN_UNDECLARED_SELECTOR = YES;
				GCC_WARN_UNINITIALIZED_AUTOS = YES_AGGRESSIVE;
				GCC_WARN_UNUSED_FUNCTION = YES;
				GCC_WARN_UNUSED_VARIABLE = YES;
				IPHONEOS_DEPLOYMENT_TARGET = 18.5;
				LOCALIZATION_PREFERS_STRING_CATALOGS = YES;
				MTL_ENABLE_DEBUG_INFO = INCLUDE_SOURCE;
				MTL_FAST_MATH = YES;
				ONLY_ACTIVE_ARCH = YES;
				SDKROOT = iphoneos;
				SWIFT_ACTIVE_COMPILATION_CONDITIONS = "DEBUG $(inherited)";
				SWIFT_OPTIMIZATION_LEVEL = "-Onone";
			};
			name = Debug;
		};
		E576C6C42DF7FD0300C28A74 /* Release */ = {
			isa = XCBuildConfiguration;
			buildSettings = {
				ALWAYS_SEARCH_USER_PATHS = NO;
				ASSETCATALOG_COMPILER_GENERATE_SWIFT_ASSET_SYMBOL_EXTENSIONS = YES;
				CLANG_ANALYZER_NONNULL = YES;
				CLANG_ANALYZER_NUMBER_OBJECT_CONVERSION = YES_AGGRESSIVE;
				CLANG_CXX_LANGUAGE_STANDARD = "gnu++20";
				CLANG_ENABLE_MODULES = YES;
				CLANG_ENABLE_OBJC_ARC = YES;
				CLANG_ENABLE_OBJC_WEAK = YES;
				CLANG_WARN_BLOCK_CAPTURE_AUTORELEASING = YES;
				CLANG_WARN_BOOL_CONVERSION = YES;
				CLANG_WARN_COMMA = YES;
				CLANG_WARN_CONSTANT_CONVERSION = YES;
				CLANG_WARN_DEPRECATED_OBJC_IMPLEMENTATIONS = YES;
				CLANG_WARN_DIRECT_OBJC_ISA_USAGE = YES_ERROR;
				CLANG_WARN_DOCUMENTATION_COMMENTS = YES;
				CLANG_WARN_EMPTY_BODY = YES;
				CLANG_WARN_ENUM_CONVERSION = YES;
				CLANG_WARN_INFINITE_RECURSION = YES;
				CLANG_WARN_INT_CONVERSION = YES;
				CLANG_WARN_NON_LITERAL_NULL_CONVERSION = YES;
				CLANG_WARN_OBJC_IMPLICIT_RETAIN_SELF = YES;
				CLANG_WARN_OBJC_LITERAL_CONVERSION = YES;
				CLANG_WARN_OBJC_ROOT_CLASS = YES_ERROR;
				CLANG_WARN_QUOTED_INCLUDE_IN_FRAMEWORK_HEADER = YES;
				CLANG_WARN_RANGE_LOOP_ANALYSIS = YES;
				CLANG_WARN_STRICT_PROTOTYPES = YES;
				CLANG_WARN_SUSPICIOUS_MOVE = YES;
				CLANG_WARN_UNGUARDED_AVAILABILITY = YES_AGGRESSIVE;
				CLANG_WARN_UNREACHABLE_CODE = YES;
				CLANG_WARN__DUPLICATE_METHOD_MATCH = YES;
				COPY_PHASE_STRIP = NO;
				DEBUG_INFORMATION_FORMAT = "dwarf-with-dsym";
				ENABLE_NS_ASSERTIONS = NO;
				ENABLE_STRICT_OBJC_MSGSEND = YES;
				ENABLE_USER_SCRIPT_SANDBOXING = YES;
				GCC_C_LANGUAGE_STANDARD = gnu17;
				GCC_NO_COMMON_BLOCKS = YES;
				GCC_WARN_64_TO_32_BIT_CONVERSION = YES;
				GCC_WARN_ABOUT_RETURN_TYPE = YES_ERROR;
				GCC_WARN_UNDECLARED_SELECTOR = YES;
				GCC_WARN_UNINITIALIZED_AUTOS = YES_AGGRESSIVE;
				GCC_WARN_UNUSED_FUNCTION = YES;
				GCC_WARN_UNUSED_VARIABLE = YES;
				IPHONEOS_DEPLOYMENT_TARGET = 18.5;
				LOCALIZATION_PREFERS_STRING_CATALOGS = YES;
				MTL_ENABLE_DEBUG_INFO = NO;
				MTL_FAST_MATH = YES;
				SDKROOT = iphoneos;
				SWIFT_COMPILATION_MODE = wholemodule;
				VALIDATE_PRODUCT = YES;
			};
			name = Release;
		};
		E576C6C62DF7FD0300C28A74 /* Debug */ = {
			isa = XCBuildConfiguration;
			buildSettings = {
				ASSETCATALOG_COMPILER_APPICON_NAME = AppIcon;
				ASSETCATALOG_COMPILER_GLOBAL_ACCENT_COLOR_NAME = AccentColor;
				CODE_SIGN_STYLE = Automatic;
				CURRENT_PROJECT_VERSION = 1;
				ENABLE_PREVIEWS = YES;
				GENERATE_INFOPLIST_FILE = YES;
				INFOPLIST_FILE = "away-from-nightmare-Info.plist";
				INFOPLIST_KEY_NSMicrophoneUsageDescription = "需要麦克风权限收集梦话";
				INFOPLIST_KEY_NSSpeechRecognitionUsageDescription = "需要语音识别权限识别梦话";
				INFOPLIST_KEY_UIApplicationSceneManifest_Generation = YES;
				INFOPLIST_KEY_UIApplicationSupportsIndirectInputEvents = YES;
				INFOPLIST_KEY_UILaunchScreen_Generation = YES;
				INFOPLIST_KEY_UISupportedInterfaceOrientations_iPad = "UIInterfaceOrientationPortrait UIInterfaceOrientationPortraitUpsideDown UIInterfaceOrientationLandscapeLeft UIInterfaceOrientationLandscapeRight";
				INFOPLIST_KEY_UISupportedInterfaceOrientations_iPhone = "UIInterfaceOrientationPortrait UIInterfaceOrientationLandscapeLeft UIInterfaceOrientationLandscapeRight";
				LD_RUNPATH_SEARCH_PATHS = (
					"$(inherited)",
					"@executable_path/Frameworks",
				);
				MARKETING_VERSION = 1.0;
				PRODUCT_BUNDLE_IDENTIFIER = "yang.away-from-nightmare";
				PRODUCT_NAME = "$(TARGET_NAME)";
				SWIFT_EMIT_LOC_STRINGS = YES;
				SWIFT_VERSION = 5.0;
				TARGETED_DEVICE_FAMILY = "1,2";
			};
			name = Debug;
		};
		E576C6C72DF7FD0300C28A74 /* Release */ = {
			isa = XCBuildConfiguration;
			buildSettings = {
				ASSETCATALOG_COMPILER_APPICON_NAME = AppIcon;
				ASSETCATALOG_COMPILER_GLOBAL_ACCENT_COLOR_NAME = AccentColor;
				CODE_SIGN_STYLE = Automatic;
				CURRENT_PROJECT_VERSION = 1;
				ENABLE_PREVIEWS = YES;
				GENERATE_INFOPLIST_FILE = YES;
				INFOPLIST_FILE = "away-from-nightmare-Info.plist";
				INFOPLIST_KEY_NSMicrophoneUsageDescription = "需要麦克风权限收集梦话";
				INFOPLIST_KEY_NSSpeechRecognitionUsageDescription = "需要语音识别权限识别梦话";
				INFOPLIST_KEY_UIApplicationSceneManifest_Generation = YES;
				INFOPLIST_KEY_UIApplicationSupportsIndirectInputEvents = YES;
				INFOPLIST_KEY_UILaunchScreen_Generation = YES;
				INFOPLIST_KEY_UISupportedInterfaceOrientations_iPad = "UIInterfaceOrientationPortrait UIInterfaceOrientationPortraitUpsideDown UIInterfaceOrientationLandscapeLeft UIInterfaceOrientationLandscapeRight";
				INFOPLIST_KEY_UISupportedInterfaceOrientations_iPhone = "UIInterfaceOrientationPortrait UIInterfaceOrientationLandscapeLeft UIInterfaceOrientationLandscapeRight";
				LD_RUNPATH_SEARCH_PATHS = (
					"$(inherited)",
					"@executable_path/Frameworks",
				);
				MARKETING_VERSION = 1.0;
				PRODUCT_BUNDLE_IDENTIFIER = "yang.away-from-nightmare";
				PRODUCT_NAME = "$(TARGET_NAME)";
				SWIFT_EMIT_LOC_STRINGS = YES;
				SWIFT_VERSION = 5.0;
				TARGETED_DEVICE_FAMILY = "1,2";
			};
			name = Release;
		};
		E576C6C92DF7FD0300C28A74 /* Debug */ = {
			isa = XCBuildConfiguration;
			buildSettings = {
				BUNDLE_LOADER = "$(TEST_HOST)";
				CODE_SIGN_STYLE = Automatic;
				CURRENT_PROJECT_VERSION = 1;
				GENERATE_INFOPLIST_FILE = YES;
				IPHONEOS_DEPLOYMENT_TARGET = 18.5;
				MARKETING_VERSION = 1.0;
				PRODUCT_BUNDLE_IDENTIFIER = "yang.away-from-nightmareTests";
				PRODUCT_NAME = "$(TARGET_NAME)";
				SWIFT_EMIT_LOC_STRINGS = NO;
				SWIFT_VERSION = 5.0;
				TARGETED_DEVICE_FAMILY = "1,2";
				TEST_HOST = "$(BUILT_PRODUCTS_DIR)/away_from_nightmare.app/$(BUNDLE_EXECUTABLE_FOLDER_PATH)/away_from_nightmare";
			};
			name = Debug;
		};
		E576C6CA2DF7FD0300C28A74 /* Release */ = {
			isa = XCBuildConfiguration;
			buildSettings = {
				BUNDLE_LOADER = "$(TEST_HOST)";
				CODE_SIGN_STYLE = Automatic;
				CURRENT_PROJECT_VERSION = 1;
				GENERATE_INFOPLIST_FILE = YES;
				IPHONEOS_DEPLOYMENT_TARGET = 18.5;
				MARKETING_VERSION = 1.0;
				PRODUCT_BUNDLE_IDENTIFIER = "yang.away-from-nightmareTests";
				PRODUCT_NAME = "$(TARGET_NAME)";
				SWIFT_EMIT_LOC_STRINGS = NO;
				SWIFT_VERSION = 5.0;
				TARGETED_DEVICE_FAMILY = "1,2";
				TEST_HOST = "$(BUILT_PRODUCTS_DIR)/away_from_nightmare.app/$(BUNDLE_EXECUTABLE_FOLDER_PATH)/away_from_nightmare";
			};
			name = Release;
		};
		E576C6CC2DF7FD0300C28A74 /* Debug */ = {
			isa = XCBuildConfiguration;
			buildSettings = {
				CODE_SIGN_STYLE = Automatic;
				CURRENT_PROJECT_VERSION = 1;
				GENERATE_INFOPLIST_FILE = YES;
				MARKETING_VERSION = 1.0;
				PRODUCT_BUNDLE_IDENTIFIER = "yang.away-from-nightmareUITests";
				PRODUCT_NAME = "$(TARGET_NAME)";
				SWIFT_EMIT_LOC_STRINGS = NO;
				SWIFT_VERSION = 5.0;
				TARGETED_DEVICE_FAMILY = "1,2";
				TEST_TARGET_NAME = away_from_nightmare;
			};
			name = Debug;
		};
		E576C6CD2DF7FD0300C28A74 /* Release */ = {
			isa = XCBuildConfiguration;
			buildSettings = {
				CODE_SIGN_STYLE = Automatic;
				CURRENT_PROJECT_VERSION = 1;
				GENERATE_INFOPLIST_FILE = YES;
				MARKETING_VERSION = 1.0;
				PRODUCT_BUNDLE_IDENTIFIER = "yang.away-from-nightmareUITests";
				PRODUCT_NAME = "$(TARGET_NAME)";
				SWIFT_EMIT_LOC_STRINGS = NO;
				SWIFT_VERSION = 5.0;
				TARGETED_DEVICE_FAMILY = "1,2";
				TEST_TARGET_NAME = away_from_nightmare;
			};
			name = Release;
		};
/* End XCBuildConfiguration section */

/* Begin XCConfigurationList section */
		E576C69F2DF7FD0100C28A74 /* Build configuration list for PBXProject "away_from_nightmare" */ = {
			isa = XCConfigurationList;
			buildConfigurations = (
				E576C6C32DF7FD0300C28A74 /* Debug */,
				E576C6C42DF7FD0300C28A74 /* Release */,
			);
			defaultConfigurationIsVisible = 0;
			defaultConfigurationName = Release;
		};
		E576C6C52DF7FD0300C28A74 /* Build configuration list for PBXNativeTarget "away_from_nightmare" */ = {
			isa = XCConfigurationList;
			buildConfigurations = (
				E576C6C62DF7FD0300C28A74 /* Debug */,
				E576C6C72DF7FD0300C28A74 /* Release */,
			);
			defaultConfigurationIsVisible = 0;
			defaultConfigurationName = Release;
		};
		E576C6C82DF7FD0300C28A74 /* Build configuration list for PBXNativeTarget "away_from_nightmareTests" */ = {
			isa = XCConfigurationList;
			buildConfigurations = (
				E576C6C92DF7FD0300C28A74 /* Debug */,
				E576C6CA2DF7FD0300C28A74 /* Release */,
			);
			defaultConfigurationIsVisible = 0;
			defaultConfigurationName = Release;
		};
		E576C6CB2DF7FD0300C28A74 /* Build configuration list for PBXNativeTarget "away_from_nightmareUITests" */ = {
			isa = XCConfigurationList;
			buildConfigurations = (
				E576C6CC2DF7FD0300C28A74 /* Debug */,
				E576C6CD2DF7FD0300C28A74 /* Release */,
			);
			defaultConfigurationIsVisible = 0;
			defaultConfigurationName = Release;
		};
/* End XCConfigurationList section */
	};
	rootObject = E576C69C2DF7FD0100C28A74 /* Project object */;
}
